{
	"name": "sca2t-dependencies",
	"version": "0.1.0",
	"lockfileVersion": 1,
	"requires": true,
	"dependencies": {
		"jquery": {
			"version": "3.3.1",
			"resolved": "https://registry.npmjs.org/jquery/-/jquery-3.3.1.tgz",
			"integrity": "sha512-Ubldcmxp5np52/ENotGxlLe6aGMvmF4R8S6tZjsP6Knsaxd/xp3Zrh50cG93lR6nPXyUFwzN3ZSOQI0wRJNdGg=="
		},
		"jsplumb": {
			"version": "2.8.0",
			"resolved": "https://registry.npmjs.org/jsplumb/-/jsplumb-2.8.0.tgz",
			"integrity": "sha512-l/3ob98NhBNJOc+Wct/4JYMuK7I2SgIioE3UtOmgG5FftPxHWvFEurN7TmM4DwViL0uDo5Vq6QjLoaNLxrHXpw=="
		},
		"solidity-parser-antlr": {
			"version": "0.4.2",
			"resolved": "https://registry.npmjs.org/solidity-parser-antlr/-/solidity-parser-antlr-0.4.2.tgz",
			"integrity": "sha512-0OKT2YKZAqPe14HN7Nbo24hjmnyUYh92UjyZG0Zz2rpQhl/w8asX8qHb+ASSXfayQaiW8g9zGIupXEE355tOQQ=="
		}
	}
}
